<Solution>
  <Folder Name="/db/">
    <File Path="db/database_setup.sql" />
    <File Path="db/database_setup.txt" />
  </Folder>
  <Folder Name="/nginx/">
    <File Path="nginx/nginx.conf" />
  </Folder>
  <Folder Name="/Solution Items/">
    <File Path="README.md" />
  </Folder>
  <Project Path="docker-compose.dcproj">
    <Build />
  </Project>
  <Project Path="ProductsApi/ProductsApi.csproj" />
</Solution>
